# THIS IS AN AUTOGENERATED FILE. DO NOT EDIT THIS FILE DIRECTLY.
# yarn lockfile v1


wakeandfake@^0.1.0:
  version "0.1.0"
  resolved "https://registry.yarnpkg.com/wakeandfake/-/wakeandfake-0.1.0.tgz#2fc062e238a9104d9b68697a9e7aef2e50a51a46"
  integrity sha512-nXRWCDjj/SFSA7ypfKOsig2b/mjsLnLeSLZq+i3QJoSUv5f0ARHEFqCAGiKCMdn6LlBNScIHxWsDiOhREDGLmw==
